
Microsoft Visual Studio Solution File, Format Version 12.00
# Visual Studio Version 16
VisualStudioVersion = 16.0.30320.27
MinimumVisualStudioVersion = 10.0.40219.1
Project("{9A19103F-16F7-4668-BE54-9A1E7A4F7556}") = "SimpleGameOfLife.Console", "SimpleGameOfLife\SimpleGameOfLife.Console.csproj", "{F3323539-7B7F-484D-B991-74B0451D88EA}"
EndProject
Project("{9A19103F-16F7-4668-BE54-9A1E7A4F7556}") = "GameOfLife.Core", "GameOfLife.Core\GameOfLife.Core.csproj", "{BC15F035-A6EA-4386-AA12-D55EB1FF8482}"
EndProject
Project("{2150E333-8FDC-42A3-9474-1A3956D46DE8}") = "Core", "Core", "{7D65B68E-D1A4-4F02-A9A0-6B51F576E0EA}"
EndProject
Project("{2150E333-8FDC-42A3-9474-1A3956D46DE8}") = "Console", "Console", "{13A9D0DD-5957-467F-8158-057091E24D92}"
EndProject
Project("{2150E333-8FDC-42A3-9474-1A3956D46DE8}") = "Xamarin", "Xamarin", "{B188DCBF-5062-48C9-B3CC-642CA22EA22C}"
EndProject
Project("{9A19103F-16F7-4668-BE54-9A1E7A4F7556}") = "SimpleGameOfLife.XF", "SimpleGameOfLife.Xamarin\SimpleGameOfLife.XF.csproj", "{544850D8-44A4-45A6-A30E-34261C18CD1F}"
EndProject
Project("{FAE04EC0-301F-11D3-BF4B-00C04F79EFBC}") = "SimpleGameOfLife.XF.Android", "SimpleGameOfLife.Xamarin.Android\SimpleGameOfLife.XF.Android.csproj", "{F17113FD-0EAC-46A6-A599-723628267B9F}"
EndProject
Project("{FAE04EC0-301F-11D3-BF4B-00C04F79EFBC}") = "SimpleGameOfLife.XF.iOS", "SimpleGameOfLife.Xamarin.iOS\SimpleGameOfLife.XF.iOS.csproj", "{C4B7E2A2-D108-4C80-B2F7-B0EA5DADA5B8}"
EndProject
Project("{FAE04EC0-301F-11D3-BF4B-00C04F79EFBC}") = "SimpleGameOfLife.XF.UWP", "SimpleGameOfLife.Xamarin.UWP\SimpleGameOfLife.XF.UWP.csproj", "{51DD3FE9-F11F-4E99-80D5-D94590CCADAE}"
EndProject
Global
	GlobalSection(SolutionConfigurationPlatforms) = preSolution
		Debug|Any CPU = Debug|Any CPU
		Debug|ARM = Debug|ARM
		Debug|iPhone = Debug|iPhone
		Debug|iPhoneSimulator = Debug|iPhoneSimulator
		Debug|x64 = Debug|x64
		Debug|x86 = Debug|x86
		Release|Any CPU = Release|Any CPU
		Release|ARM = Release|ARM
		Release|iPhone = Release|iPhone
		Release|iPhoneSimulator = Release|iPhoneSimulator
		Release|x64 = Release|x64
		Release|x86 = Release|x86
	EndGlobalSection
	GlobalSection(ProjectConfigurationPlatforms) = postSolution
		{F3323539-7B7F-484D-B991-74B0451D88EA}.Debug|Any CPU.ActiveCfg = Debug|Any CPU
		{F3323539-7B7F-484D-B991-74B0451D88EA}.Debug|Any CPU.Build.0 = Debug|Any CPU
		{F3323539-7B7F-484D-B991-74B0451D88EA}.Debug|ARM.ActiveCfg = Debug|Any CPU
		{F3323539-7B7F-484D-B991-74B0451D88EA}.Debug|ARM.Build.0 = Debug|Any CPU
		{F3323539-7B7F-484D-B991-74B0451D88EA}.Debug|iPhone.ActiveCfg = Debug|Any CPU
		{F3323539-7B7F-484D-B991-74B0451D88EA}.Debug|iPhone.Build.0 = Debug|Any CPU
		{F3323539-7B7F-484D-B991-74B0451D88EA}.Debug|iPhoneSimulator.ActiveCfg = Debug|Any CPU
		{F3323539-7B7F-484D-B991-74B0451D88EA}.Debug|iPhoneSimulator.Build.0 = Debug|Any CPU
		{F3323539-7B7F-484D-B991-74B0451D88EA}.Debug|x64.ActiveCfg = Debug|Any CPU
		{F3323539-7B7F-484D-B991-74B0451D88EA}.Debug|x64.Build.0 = Debug|Any CPU
		{F3323539-7B7F-484D-B991-74B0451D88EA}.Debug|x86.ActiveCfg = Debug|Any CPU
		{F3323539-7B7F-484D-B991-74B0451D88EA}.Debug|x86.Build.0 = Debug|Any CPU
		{F3323539-7B7F-484D-B991-74B0451D88EA}.Release|Any CPU.ActiveCfg = Release|Any CPU
		{F3323539-7B7F-484D-B991-74B0451D88EA}.Release|Any CPU.Build.0 = Release|Any CPU
		{F3323539-7B7F-484D-B991-74B0451D88EA}.Release|ARM.ActiveCfg = Release|Any CPU
		{F3323539-7B7F-484D-B991-74B0451D88EA}.Release|ARM.Build.0 = Release|Any CPU
		{F3323539-7B7F-484D-B991-74B0451D88EA}.Release|iPhone.ActiveCfg = Release|Any CPU
		{F3323539-7B7F-484D-B991-74B0451D88EA}.Release|iPhone.Build.0 = Release|Any CPU
		{F3323539-7B7F-484D-B991-74B0451D88EA}.Release|iPhoneSimulator.ActiveCfg = Release|Any CPU
		{F3323539-7B7F-484D-B991-74B0451D88EA}.Release|iPhoneSimulator.Build.0 = Release|Any CPU
		{F3323539-7B7F-484D-B991-74B0451D88EA}.Release|x64.ActiveCfg = Release|Any CPU
		{F3323539-7B7F-484D-B991-74B0451D88EA}.Release|x64.Build.0 = Release|Any CPU
		{F3323539-7B7F-484D-B991-74B0451D88EA}.Release|x86.ActiveCfg = Release|Any CPU
		{F3323539-7B7F-484D-B991-74B0451D88EA}.Release|x86.Build.0 = Release|Any CPU
		{BC15F035-A6EA-4386-AA12-D55EB1FF8482}.Debug|Any CPU.ActiveCfg = Debug|Any CPU
		{BC15F035-A6EA-4386-AA12-D55EB1FF8482}.Debug|Any CPU.Build.0 = Debug|Any CPU
		{BC15F035-A6EA-4386-AA12-D55EB1FF8482}.Debug|ARM.ActiveCfg = Debug|Any CPU
		{BC15F035-A6EA-4386-AA12-D55EB1FF8482}.Debug|ARM.Build.0 = Debug|Any CPU
		{BC15F035-A6EA-4386-AA12-D55EB1FF8482}.Debug|iPhone.ActiveCfg = Debug|Any CPU
		{BC15F035-A6EA-4386-AA12-D55EB1FF8482}.Debug|iPhone.Build.0 = Debug|Any CPU
		{BC15F035-A6EA-4386-AA12-D55EB1FF8482}.Debug|iPhoneSimulator.ActiveCfg = Debug|Any CPU
		{BC15F035-A6EA-4386-AA12-D55EB1FF8482}.Debug|iPhoneSimulator.Build.0 = Debug|Any CPU
		{BC15F035-A6EA-4386-AA12-D55EB1FF8482}.Debug|x64.ActiveCfg = Debug|Any CPU
		{BC15F035-A6EA-4386-AA12-D55EB1FF8482}.Debug|x64.Build.0 = Debug|Any CPU
		{BC15F035-A6EA-4386-AA12-D55EB1FF8482}.Debug|x86.ActiveCfg = Debug|Any CPU
		{BC15F035-A6EA-4386-AA12-D55EB1FF8482}.Debug|x86.Build.0 = Debug|Any CPU
		{BC15F035-A6EA-4386-AA12-D55EB1FF8482}.Release|Any CPU.ActiveCfg = Release|Any CPU
		{BC15F035-A6EA-4386-AA12-D55EB1FF8482}.Release|Any CPU.Build.0 = Release|Any CPU
		{BC15F035-A6EA-4386-AA12-D55EB1FF8482}.Release|ARM.ActiveCfg = Release|Any CPU
		{BC15F035-A6EA-4386-AA12-D55EB1FF8482}.Release|ARM.Build.0 = Release|Any CPU
		{BC15F035-A6EA-4386-AA12-D55EB1FF8482}.Release|iPhone.ActiveCfg = Release|Any CPU
		{BC15F035-A6EA-4386-AA12-D55EB1FF8482}.Release|iPhone.Build.0 = Release|Any CPU
		{BC15F035-A6EA-4386-AA12-D55EB1FF8482}.Release|iPhoneSimulator.ActiveCfg = Release|Any CPU
		{BC15F035-A6EA-4386-AA12-D55EB1FF8482}.Release|iPhoneSimulator.Build.0 = Release|Any CPU
		{BC15F035-A6EA-4386-AA12-D55EB1FF8482}.Release|x64.ActiveCfg = Release|Any CPU
		{BC15F035-A6EA-4386-AA12-D55EB1FF8482}.Release|x64.Build.0 = Release|Any CPU
		{BC15F035-A6EA-4386-AA12-D55EB1FF8482}.Release|x86.ActiveCfg = Release|Any CPU
		{BC15F035-A6EA-4386-AA12-D55EB1FF8482}.Release|x86.Build.0 = Release|Any CPU
		{544850D8-44A4-45A6-A30E-34261C18CD1F}.Debug|Any CPU.ActiveCfg = Debug|Any CPU
		{544850D8-44A4-45A6-A30E-34261C18CD1F}.Debug|Any CPU.Build.0 = Debug|Any CPU
		{544850D8-44A4-45A6-A30E-34261C18CD1F}.Debug|ARM.ActiveCfg = Debug|Any CPU
		{544850D8-44A4-45A6-A30E-34261C18CD1F}.Debug|ARM.Build.0 = Debug|Any CPU
		{544850D8-44A4-45A6-A30E-34261C18CD1F}.Debug|iPhone.ActiveCfg = Debug|Any CPU
		{544850D8-44A4-45A6-A30E-34261C18CD1F}.Debug|iPhone.Build.0 = Debug|Any CPU
		{544850D8-44A4-45A6-A30E-34261C18CD1F}.Debug|iPhoneSimulator.ActiveCfg = Debug|Any CPU
		{544850D8-44A4-45A6-A30E-34261C18CD1F}.Debug|iPhoneSimulator.Build.0 = Debug|Any CPU
		{544850D8-44A4-45A6-A30E-34261C18CD1F}.Debug|x64.ActiveCfg = Debug|Any CPU
		{544850D8-44A4-45A6-A30E-34261C18CD1F}.Debug|x64.Build.0 = Debug|Any CPU
		{544850D8-44A4-45A6-A30E-34261C18CD1F}.Debug|x86.ActiveCfg = Debug|Any CPU
		{544850D8-44A4-45A6-A30E-34261C18CD1F}.Debug|x86.Build.0 = Debug|Any CPU
		{544850D8-44A4-45A6-A30E-34261C18CD1F}.Release|Any CPU.ActiveCfg = Release|Any CPU
		{544850D8-44A4-45A6-A30E-34261C18CD1F}.Release|Any CPU.Build.0 = Release|Any CPU
		{544850D8-44A4-45A6-A30E-34261C18CD1F}.Release|ARM.ActiveCfg = Release|Any CPU
		{544850D8-44A4-45A6-A30E-34261C18CD1F}.Release|ARM.Build.0 = Release|Any CPU
		{544850D8-44A4-45A6-A30E-34261C18CD1F}.Release|iPhone.ActiveCfg = Release|Any CPU
		{544850D8-44A4-45A6-A30E-34261C18CD1F}.Release|iPhone.Build.0 = Release|Any CPU
		{544850D8-44A4-45A6-A30E-34261C18CD1F}.Release|iPhoneSimulator.ActiveCfg = Release|Any CPU
		{544850D8-44A4-45A6-A30E-34261C18CD1F}.Release|iPhoneSimulator.Build.0 = Release|Any CPU
		{544850D8-44A4-45A6-A30E-34261C18CD1F}.Release|x64.ActiveCfg = Release|Any CPU
		{544850D8-44A4-45A6-A30E-34261C18CD1F}.Release|x64.Build.0 = Release|Any CPU
		{544850D8-44A4-45A6-A30E-34261C18CD1F}.Release|x86.ActiveCfg = Release|Any CPU
		{544850D8-44A4-45A6-A30E-34261C18CD1F}.Release|x86.Build.0 = Release|Any CPU
		{F17113FD-0EAC-46A6-A599-723628267B9F}.Debug|Any CPU.ActiveCfg = Debug|Any CPU
		{F17113FD-0EAC-46A6-A599-723628267B9F}.Debug|Any CPU.Build.0 = Debug|Any CPU
		{F17113FD-0EAC-46A6-A599-723628267B9F}.Debug|Any CPU.Deploy.0 = Debug|Any CPU
		{F17113FD-0EAC-46A6-A599-723628267B9F}.Debug|ARM.ActiveCfg = Debug|Any CPU
		{F17113FD-0EAC-46A6-A599-723628267B9F}.Debug|ARM.Build.0 = Debug|Any CPU
		{F17113FD-0EAC-46A6-A599-723628267B9F}.Debug|ARM.Deploy.0 = Debug|Any CPU
		{F17113FD-0EAC-46A6-A599-723628267B9F}.Debug|iPhone.ActiveCfg = Debug|Any CPU
		{F17113FD-0EAC-46A6-A599-723628267B9F}.Debug|iPhone.Build.0 = Debug|Any CPU
		{F17113FD-0EAC-46A6-A599-723628267B9F}.Debug|iPhoneSimulator.ActiveCfg = Debug|Any CPU
		{F17113FD-0EAC-46A6-A599-723628267B9F}.Debug|iPhoneSimulator.Build.0 = Debug|Any CPU
		{F17113FD-0EAC-46A6-A599-723628267B9F}.Debug|iPhoneSimulator.Deploy.0 = Debug|Any CPU
		{F17113FD-0EAC-46A6-A599-723628267B9F}.Debug|x64.ActiveCfg = Debug|Any CPU
		{F17113FD-0EAC-46A6-A599-723628267B9F}.Debug|x64.Build.0 = Debug|Any CPU
		{F17113FD-0EAC-46A6-A599-723628267B9F}.Debug|x64.Deploy.0 = Debug|Any CPU
		{F17113FD-0EAC-46A6-A599-723628267B9F}.Debug|x86.ActiveCfg = Debug|Any CPU
		{F17113FD-0EAC-46A6-A599-723628267B9F}.Debug|x86.Build.0 = Debug|Any CPU
		{F17113FD-0EAC-46A6-A599-723628267B9F}.Debug|x86.Deploy.0 = Debug|Any CPU
		{F17113FD-0EAC-46A6-A599-723628267B9F}.Release|Any CPU.ActiveCfg = Release|Any CPU
		{F17113FD-0EAC-46A6-A599-723628267B9F}.Release|Any CPU.Build.0 = Release|Any CPU
		{F17113FD-0EAC-46A6-A599-723628267B9F}.Release|Any CPU.Deploy.0 = Release|Any CPU
		{F17113FD-0EAC-46A6-A599-723628267B9F}.Release|ARM.ActiveCfg = Release|Any CPU
		{F17113FD-0EAC-46A6-A599-723628267B9F}.Release|ARM.Build.0 = Release|Any CPU
		{F17113FD-0EAC-46A6-A599-723628267B9F}.Release|ARM.Deploy.0 = Release|Any CPU
		{F17113FD-0EAC-46A6-A599-723628267B9F}.Release|iPhone.ActiveCfg = Release|Any CPU
		{F17113FD-0EAC-46A6-A599-723628267B9F}.Release|iPhoneSimulator.ActiveCfg = Release|Any CPU
		{F17113FD-0EAC-46A6-A599-723628267B9F}.Release|iPhoneSimulator.Build.0 = Release|Any CPU
		{F17113FD-0EAC-46A6-A599-723628267B9F}.Release|iPhoneSimulator.Deploy.0 = Release|Any CPU
		{F17113FD-0EAC-46A6-A599-723628267B9F}.Release|x64.ActiveCfg = Release|Any CPU
		{F17113FD-0EAC-46A6-A599-723628267B9F}.Release|x64.Build.0 = Release|Any CPU
		{F17113FD-0EAC-46A6-A599-723628267B9F}.Release|x64.Deploy.0 = Release|Any CPU
		{F17113FD-0EAC-46A6-A599-723628267B9F}.Release|x86.ActiveCfg = Release|Any CPU
		{F17113FD-0EAC-46A6-A599-723628267B9F}.Release|x86.Build.0 = Release|Any CPU
		{F17113FD-0EAC-46A6-A599-723628267B9F}.Release|x86.Deploy.0 = Release|Any CPU
		{C4B7E2A2-D108-4C80-B2F7-B0EA5DADA5B8}.Debug|Any CPU.ActiveCfg = Debug|iPhone
		{C4B7E2A2-D108-4C80-B2F7-B0EA5DADA5B8}.Debug|ARM.ActiveCfg = Debug|iPhone
		{C4B7E2A2-D108-4C80-B2F7-B0EA5DADA5B8}.Debug|ARM.Build.0 = Debug|iPhone
		{C4B7E2A2-D108-4C80-B2F7-B0EA5DADA5B8}.Debug|ARM.Deploy.0 = Debug|iPhone
		{C4B7E2A2-D108-4C80-B2F7-B0EA5DADA5B8}.Debug|iPhone.ActiveCfg = Debug|iPhone
		{C4B7E2A2-D108-4C80-B2F7-B0EA5DADA5B8}.Debug|iPhone.Build.0 = Debug|iPhone
		{C4B7E2A2-D108-4C80-B2F7-B0EA5DADA5B8}.Debug|iPhone.Deploy.0 = Debug|iPhone
		{C4B7E2A2-D108-4C80-B2F7-B0EA5DADA5B8}.Debug|iPhoneSimulator.ActiveCfg = Debug|iPhoneSimulator
		{C4B7E2A2-D108-4C80-B2F7-B0EA5DADA5B8}.Debug|iPhoneSimulator.Build.0 = Debug|iPhoneSimulator
		{C4B7E2A2-D108-4C80-B2F7-B0EA5DADA5B8}.Debug|x64.ActiveCfg = Debug|iPhone
		{C4B7E2A2-D108-4C80-B2F7-B0EA5DADA5B8}.Debug|x86.ActiveCfg = Debug|iPhone
		{C4B7E2A2-D108-4C80-B2F7-B0EA5DADA5B8}.Release|Any CPU.ActiveCfg = Release|iPhone
		{C4B7E2A2-D108-4C80-B2F7-B0EA5DADA5B8}.Release|ARM.ActiveCfg = Release|iPhone
		{C4B7E2A2-D108-4C80-B2F7-B0EA5DADA5B8}.Release|ARM.Build.0 = Release|iPhone
		{C4B7E2A2-D108-4C80-B2F7-B0EA5DADA5B8}.Release|ARM.Deploy.0 = Release|iPhone
		{C4B7E2A2-D108-4C80-B2F7-B0EA5DADA5B8}.Release|iPhone.ActiveCfg = Release|iPhone
		{C4B7E2A2-D108-4C80-B2F7-B0EA5DADA5B8}.Release|iPhone.Build.0 = Release|iPhone
		{C4B7E2A2-D108-4C80-B2F7-B0EA5DADA5B8}.Release|iPhone.Deploy.0 = Release|iPhone
		{C4B7E2A2-D108-4C80-B2F7-B0EA5DADA5B8}.Release|iPhoneSimulator.ActiveCfg = Release|iPhoneSimulator
		{C4B7E2A2-D108-4C80-B2F7-B0EA5DADA5B8}.Release|iPhoneSimulator.Build.0 = Release|iPhoneSimulator
		{C4B7E2A2-D108-4C80-B2F7-B0EA5DADA5B8}.Release|x64.ActiveCfg = Release|iPhone
		{C4B7E2A2-D108-4C80-B2F7-B0EA5DADA5B8}.Release|x86.ActiveCfg = Release|iPhone
		{51DD3FE9-F11F-4E99-80D5-D94590CCADAE}.Debug|Any CPU.ActiveCfg = Debug|x86
		{51DD3FE9-F11F-4E99-80D5-D94590CCADAE}.Debug|ARM.ActiveCfg = Debug|ARM
		{51DD3FE9-F11F-4E99-80D5-D94590CCADAE}.Debug|ARM.Build.0 = Debug|ARM
		{51DD3FE9-F11F-4E99-80D5-D94590CCADAE}.Debug|ARM.Deploy.0 = Debug|ARM
		{51DD3FE9-F11F-4E99-80D5-D94590CCADAE}.Debug|iPhone.ActiveCfg = Debug|x86
		{51DD3FE9-F11F-4E99-80D5-D94590CCADAE}.Debug|iPhoneSimulator.ActiveCfg = Debug|x86
		{51DD3FE9-F11F-4E99-80D5-D94590CCADAE}.Debug|x64.ActiveCfg = Debug|x64
		{51DD3FE9-F11F-4E99-80D5-D94590CCADAE}.Debug|x64.Build.0 = Debug|x64
		{51DD3FE9-F11F-4E99-80D5-D94590CCADAE}.Debug|x64.Deploy.0 = Debug|x64
		{51DD3FE9-F11F-4E99-80D5-D94590CCADAE}.Debug|x86.ActiveCfg = Debug|x86
		{51DD3FE9-F11F-4E99-80D5-D94590CCADAE}.Debug|x86.Build.0 = Debug|x86
		{51DD3FE9-F11F-4E99-80D5-D94590CCADAE}.Debug|x86.Deploy.0 = Debug|x86
		{51DD3FE9-F11F-4E99-80D5-D94590CCADAE}.Release|Any CPU.ActiveCfg = Release|x86
		{51DD3FE9-F11F-4E99-80D5-D94590CCADAE}.Release|Any CPU.Build.0 = Release|x86
		{51DD3FE9-F11F-4E99-80D5-D94590CCADAE}.Release|Any CPU.Deploy.0 = Release|x86
		{51DD3FE9-F11F-4E99-80D5-D94590CCADAE}.Release|ARM.ActiveCfg = Release|ARM
		{51DD3FE9-F11F-4E99-80D5-D94590CCADAE}.Release|ARM.Build.0 = Release|ARM
		{51DD3FE9-F11F-4E99-80D5-D94590CCADAE}.Release|ARM.Deploy.0 = Release|ARM
		{51DD3FE9-F11F-4E99-80D5-D94590CCADAE}.Release|iPhone.ActiveCfg = Release|x86
		{51DD3FE9-F11F-4E99-80D5-D94590CCADAE}.Release|iPhoneSimulator.ActiveCfg = Release|x86
		{51DD3FE9-F11F-4E99-80D5-D94590CCADAE}.Release|x64.ActiveCfg = Release|x64
		{51DD3FE9-F11F-4E99-80D5-D94590CCADAE}.Release|x64.Build.0 = Release|x64
		{51DD3FE9-F11F-4E99-80D5-D94590CCADAE}.Release|x64.Deploy.0 = Release|x64
		{51DD3FE9-F11F-4E99-80D5-D94590CCADAE}.Release|x86.ActiveCfg = Release|x86
		{51DD3FE9-F11F-4E99-80D5-D94590CCADAE}.Release|x86.Build.0 = Release|x86
		{51DD3FE9-F11F-4E99-80D5-D94590CCADAE}.Release|x86.Deploy.0 = Release|x86
	EndGlobalSection
	GlobalSection(SolutionProperties) = preSolution
		HideSolutionNode = FALSE
	EndGlobalSection
	GlobalSection(NestedProjects) = preSolution
		{F3323539-7B7F-484D-B991-74B0451D88EA} = {13A9D0DD-5957-467F-8158-057091E24D92}
		{BC15F035-A6EA-4386-AA12-D55EB1FF8482} = {7D65B68E-D1A4-4F02-A9A0-6B51F576E0EA}
		{544850D8-44A4-45A6-A30E-34261C18CD1F} = {B188DCBF-5062-48C9-B3CC-642CA22EA22C}
		{F17113FD-0EAC-46A6-A599-723628267B9F} = {B188DCBF-5062-48C9-B3CC-642CA22EA22C}
		{C4B7E2A2-D108-4C80-B2F7-B0EA5DADA5B8} = {B188DCBF-5062-48C9-B3CC-642CA22EA22C}
		{51DD3FE9-F11F-4E99-80D5-D94590CCADAE} = {B188DCBF-5062-48C9-B3CC-642CA22EA22C}
	EndGlobalSection
	GlobalSection(ExtensibilityGlobals) = postSolution
		SolutionGuid = {DC8496CF-4324-44B0-B97A-2A0B09A01881}
	EndGlobalSection
EndGlobal
